
Microsoft Visual Studio Solution File, Format Version 12.00
Project("{FAE04EC0-301F-11D3-BF4B-00C04F79EFBC}") = "Ris.Idl.Cli", "Ris.Idl.Cli\Ris.Idl.Cli.csproj", "{F64495EC-8E65-46B6-8560-FED55C45D1DF}"
EndProject
Project("{FAE04EC0-301F-11D3-BF4B-00C04F79EFBC}") = "Ris.Idl", "Ris.Idl\Ris.Idl.csproj", "{160E54B3-7C4F-4D5C-8C88-1155FA242776}"
EndProject
Project("{FAE04EC0-301F-11D3-BF4B-00C04F79EFBC}") = "Ris.Idl.Test", "Ris.Idl.Test\Ris.Idl.Test.csproj", "{19D025DA-AB7C-4B9B-AC7B-6EB4106EEEDD}"
EndProject
Project("{FAE04EC0-301F-11D3-BF4B-00C04F79EFBC}") = "Test.Project", "Test.Project\Test.Project.csproj", "{8F36A489-BF8A-4353-9E58-0BC2164DC074}"
EndProject
Project("{FAE04EC0-301F-11D3-BF4B-00C04F79EFBC}") = "Ris.Idl.Gui", "Ris.Idl.Gui\Ris.Idl.Gui.csproj", "{4B3E0901-1627-4E39-B98B-59E4619B07EE}"
EndProject
Global
	GlobalSection(SolutionConfigurationPlatforms) = preSolution
		Debug|Any CPU = Debug|Any CPU
		Debug|x64 = Debug|x64
		Debug|x86 = Debug|x86
		Release|Any CPU = Release|Any CPU
		Release|x64 = Release|x64
		Release|x86 = Release|x86
	EndGlobalSection
	GlobalSection(ProjectConfigurationPlatforms) = postSolution
		{F64495EC-8E65-46B6-8560-FED55C45D1DF}.Debug|Any CPU.ActiveCfg = Debug|Any CPU
		{F64495EC-8E65-46B6-8560-FED55C45D1DF}.Debug|Any CPU.Build.0 = Debug|Any CPU
		{F64495EC-8E65-46B6-8560-FED55C45D1DF}.Debug|x64.ActiveCfg = Debug|Any CPU
		{F64495EC-8E65-46B6-8560-FED55C45D1DF}.Debug|x64.Build.0 = Debug|Any CPU
		{F64495EC-8E65-46B6-8560-FED55C45D1DF}.Debug|x86.ActiveCfg = Debug|Any CPU
		{F64495EC-8E65-46B6-8560-FED55C45D1DF}.Debug|x86.Build.0 = Debug|Any CPU
		{F64495EC-8E65-46B6-8560-FED55C45D1DF}.Release|Any CPU.ActiveCfg = Release|Any CPU
		{F64495EC-8E65-46B6-8560-FED55C45D1DF}.Release|Any CPU.Build.0 = Release|Any CPU
		{F64495EC-8E65-46B6-8560-FED55C45D1DF}.Release|x64.ActiveCfg = Release|Any CPU
		{F64495EC-8E65-46B6-8560-FED55C45D1DF}.Release|x64.Build.0 = Release|Any CPU
		{F64495EC-8E65-46B6-8560-FED55C45D1DF}.Release|x86.ActiveCfg = Release|Any CPU
		{F64495EC-8E65-46B6-8560-FED55C45D1DF}.Release|x86.Build.0 = Release|Any CPU
		{160E54B3-7C4F-4D5C-8C88-1155FA242776}.Debug|Any CPU.ActiveCfg = Debug|Any CPU
		{160E54B3-7C4F-4D5C-8C88-1155FA242776}.Debug|Any CPU.Build.0 = Debug|Any CPU
		{160E54B3-7C4F-4D5C-8C88-1155FA242776}.Debug|x64.ActiveCfg = Debug|Any CPU
		{160E54B3-7C4F-4D5C-8C88-1155FA242776}.Debug|x64.Build.0 = Debug|Any CPU
		{160E54B3-7C4F-4D5C-8C88-1155FA242776}.Debug|x86.ActiveCfg = Debug|Any CPU
		{160E54B3-7C4F-4D5C-8C88-1155FA242776}.Debug|x86.Build.0 = Debug|Any CPU
		{160E54B3-7C4F-4D5C-8C88-1155FA242776}.Release|Any CPU.ActiveCfg = Release|Any CPU
		{160E54B3-7C4F-4D5C-8C88-1155FA242776}.Release|Any CPU.Build.0 = Release|Any CPU
		{160E54B3-7C4F-4D5C-8C88-1155FA242776}.Release|x64.ActiveCfg = Release|Any CPU
		{160E54B3-7C4F-4D5C-8C88-1155FA242776}.Release|x64.Build.0 = Release|Any CPU
		{160E54B3-7C4F-4D5C-8C88-1155FA242776}.Release|x86.ActiveCfg = Release|Any CPU
		{160E54B3-7C4F-4D5C-8C88-1155FA242776}.Release|x86.Build.0 = Release|Any CPU
		{19D025DA-AB7C-4B9B-AC7B-6EB4106EEEDD}.Debug|Any CPU.ActiveCfg = Debug|Any CPU
		{19D025DA-AB7C-4B9B-AC7B-6EB4106EEEDD}.Debug|Any CPU.Build.0 = Debug|Any CPU
		{19D025DA-AB7C-4B9B-AC7B-6EB4106EEEDD}.Debug|x64.ActiveCfg = Debug|Any CPU
		{19D025DA-AB7C-4B9B-AC7B-6EB4106EEEDD}.Debug|x64.Build.0 = Debug|Any CPU
		{19D025DA-AB7C-4B9B-AC7B-6EB4106EEEDD}.Debug|x86.ActiveCfg = Debug|Any CPU
		{19D025DA-AB7C-4B9B-AC7B-6EB4106EEEDD}.Debug|x86.Build.0 = Debug|Any CPU
		{19D025DA-AB7C-4B9B-AC7B-6EB4106EEEDD}.Release|Any CPU.ActiveCfg = Release|Any CPU
		{19D025DA-AB7C-4B9B-AC7B-6EB4106EEEDD}.Release|Any CPU.Build.0 = Release|Any CPU
		{19D025DA-AB7C-4B9B-AC7B-6EB4106EEEDD}.Release|x64.ActiveCfg = Release|Any CPU
		{19D025DA-AB7C-4B9B-AC7B-6EB4106EEEDD}.Release|x64.Build.0 = Release|Any CPU
		{19D025DA-AB7C-4B9B-AC7B-6EB4106EEEDD}.Release|x86.ActiveCfg = Release|Any CPU
		{19D025DA-AB7C-4B9B-AC7B-6EB4106EEEDD}.Release|x86.Build.0 = Release|Any CPU
		{8F36A489-BF8A-4353-9E58-0BC2164DC074}.Debug|Any CPU.ActiveCfg = Debug|Any CPU
		{8F36A489-BF8A-4353-9E58-0BC2164DC074}.Debug|Any CPU.Build.0 = Debug|Any CPU
		{8F36A489-BF8A-4353-9E58-0BC2164DC074}.Debug|x64.ActiveCfg = Debug|Any CPU
		{8F36A489-BF8A-4353-9E58-0BC2164DC074}.Debug|x64.Build.0 = Debug|Any CPU
		{8F36A489-BF8A-4353-9E58-0BC2164DC074}.Debug|x86.ActiveCfg = Debug|Any CPU
		{8F36A489-BF8A-4353-9E58-0BC2164DC074}.Debug|x86.Build.0 = Debug|Any CPU
		{8F36A489-BF8A-4353-9E58-0BC2164DC074}.Release|Any CPU.ActiveCfg = Release|Any CPU
		{8F36A489-BF8A-4353-9E58-0BC2164DC074}.Release|Any CPU.Build.0 = Release|Any CPU
		{8F36A489-BF8A-4353-9E58-0BC2164DC074}.Release|x64.ActiveCfg = Release|Any CPU
		{8F36A489-BF8A-4353-9E58-0BC2164DC074}.Release|x64.Build.0 = Release|Any CPU
		{8F36A489-BF8A-4353-9E58-0BC2164DC074}.Release|x86.ActiveCfg = Release|Any CPU
		{8F36A489-BF8A-4353-9E58-0BC2164DC074}.Release|x86.Build.0 = Release|Any CPU
		{4B3E0901-1627-4E39-B98B-59E4619B07EE}.Debug|Any CPU.ActiveCfg = Debug|Any CPU
		{4B3E0901-1627-4E39-B98B-59E4619B07EE}.Debug|Any CPU.Build.0 = Debug|Any CPU
		{4B3E0901-1627-4E39-B98B-59E4619B07EE}.Debug|x64.ActiveCfg = Debug|Any CPU
		{4B3E0901-1627-4E39-B98B-59E4619B07EE}.Debug|x64.Build.0 = Debug|Any CPU
		{4B3E0901-1627-4E39-B98B-59E4619B07EE}.Debug|x86.ActiveCfg = Debug|Any CPU
		{4B3E0901-1627-4E39-B98B-59E4619B07EE}.Debug|x86.Build.0 = Debug|Any CPU
		{4B3E0901-1627-4E39-B98B-59E4619B07EE}.Release|Any CPU.ActiveCfg = Release|Any CPU
		{4B3E0901-1627-4E39-B98B-59E4619B07EE}.Release|Any CPU.Build.0 = Release|Any CPU
		{4B3E0901-1627-4E39-B98B-59E4619B07EE}.Release|x64.ActiveCfg = Release|Any CPU
		{4B3E0901-1627-4E39-B98B-59E4619B07EE}.Release|x64.Build.0 = Release|Any CPU
		{4B3E0901-1627-4E39-B98B-59E4619B07EE}.Release|x86.ActiveCfg = Release|Any CPU
		{4B3E0901-1627-4E39-B98B-59E4619B07EE}.Release|x86.Build.0 = Release|Any CPU
	EndGlobalSection
	GlobalSection(SolutionProperties) = preSolution
		HideSolutionNode = FALSE
	EndGlobalSection
EndGlobal
